// !$*UTF8*$!
{
	archiveVersion = 1;
	classes = {
	};
	objectVersion = 50;
	objects = {

/* Begin PBXBuildFile section */
		174C59E7253455C40035687D /* AppDelegate.swift in Sources */ = {isa = PBXBuildFile; fileRef = 174C59E6253455C40035687D /* AppDelegate.swift */; };
		174C59EB253455C40035687D /* ViewController.swift in Sources */ = {isa = PBXBuildFile; fileRef = 174C59EA253455C40035687D /* ViewController.swift */; };
		174C59EE253455C40035687D /* Main.storyboard in Resources */ = {isa = PBXBuildFile; fileRef = 174C59EC253455C40035687D /* Main.storyboard */; };
		174C59F0253455C60035687D /* Assets.xcassets in Resources */ = {isa = PBXBuildFile; fileRef = 174C59EF253455C60035687D /* Assets.xcassets */; };
		174C59F3253455C60035687D /* LaunchScreen.storyboard in Resources */ = {isa = PBXBuildFile; fileRef = 174C59F1253455C60035687D /* LaunchScreen.storyboard */; };
		174C59FB253456CB0035687D /* ShadowTabbar.swift in Sources */ = {isa = PBXBuildFile; fileRef = 174C59FA253456CB0035687D /* ShadowTabbar.swift */; };
/* End PBXBuildFile section */

/* Begin PBXFileReference section */
		174C59E3253455C40035687D /* ShadowTabbar.app */ = {isa = PBXFileReference; explicitFileType = wrapper.application; includeInIndex = 0; path = ShadowTabbar.app; sourceTree = BUILT_PRODUCTS_DIR; };
		174C59E6253455C40035687D /* AppDelegate.swift */ = {isa = PBXFileReference; lastKnownFileType = sourcecode.swift; path = AppDelegate.swift; sourceTree = "<group>"; };
		174C59EA253455C40035687D /* ViewController.swift */ = {isa = PBXFileReference; lastKnownFileType = sourcecode.swift; path = ViewController.swift; sourceTree = "<group>"; };
		174C59ED253455C40035687D /* Base */ = {isa = PBXFileReference; lastKnownFileType = file.storyboard; name = Base; path = Base.lproj/Main.storyboard; sourceTree = "<group>"; };
		174C59EF253455C60035687D /* Assets.xcassets */ = {isa = PBXFileReference; lastKnownFileType = folder.assetcatalog; path = Assets.xcassets; sourceTree = "<group>"; };
		174C59F2253455C60035687D /* Base */ = {isa = PBXFileReference; lastKnownFileType = file.storyboard; name = Base; path = Base.lproj/LaunchScreen.storyboard; sourceTree = "<group>"; };
		174C59F4253455C60035687D /* Info.plist */ = {isa = PBXFileReference; lastKnownFileType = text.plist.xml; path = Info.plist; sourceTree = "<group>"; };
		174C59FA253456CB0035687D /* ShadowTabbar.swift */ = {isa = PBXFileReference; lastKnownFileType = sourcecode.swift; path = ShadowTabbar.swift; sourceTree = "<group>"; };
/* End PBXFileReference section */

/* Begin PBXFrameworksBuildPhase section */
		174C59E0253455C40035687D /* Frameworks */ = {
			isa = PBXFrameworksBuildPhase;
			buildActionMask = 2147483647;
			files = (
			);
			runOnlyForDeploymentPostprocessing = 0;
		};
/* End PBXFrameworksBuildPhase section */

/* Begin PBXGroup section */
		174C59DA253455C40035687D = {
			isa = PBXGroup;
			children = (
				174C59E5253455C40035687D /* ShadowTabbar */,
				174C59E4253455C40035687D /* Products */,
			);
			sourceTree = "<group>";
		};
		174C59E4253455C40035687D /* Products */ = {
			isa = PBXGroup;
			children = (
				174C59E3253455C40035687D /* ShadowTabbar.app */,
			);
			name = Products;
			sourceTree = "<group>";
		};
		174C59E5253455C40035687D /* ShadowTabbar */ = {
			isa = PBXGroup;
			children = (
				174C59E6253455C40035687D /* AppDelegate.swift */,
				174C59EA253455C40035687D /* ViewController.swift */,
				174C59FA253456CB0035687D /* ShadowTabbar.swift */,
				174C59EC253455C40035687D /* Main.storyboard */,
				174C59EF253455C60035687D /* Assets.xcassets */,
				174C59F1253455C60035687D /* LaunchScreen.storyboard */,
				174C59F4253455C60035687D /* Info.plist */,
			);
			path = ShadowTabbar;
			sourceTree = "<group>";
		};
/* End PBXGroup section */

/* Begin PBXNativeTarget section */
		174C59E2253455C40035687D /* ShadowTabbar */ = {
			isa = PBXNativeTarget;
			buildConfigurationList = 174C59F7253455C60035687D /* Build configuration list for PBXNativeTarget "ShadowTabbar" */;
			buildPhases = (
				174C59DF253455C40035687D /* Sources */,
				174C59E0253455C40035687D /* Frameworks */,
				174C59E1253455C40035687D /* Resources */,
			);
			buildRules = (
			);
			dependencies = (
			);
			name = ShadowTabbar;
			productName = ShadowTabbar;
			productReference = 174C59E3253455C40035687D /* ShadowTabbar.app */;
			productType = "com.apple.product-type.application";
		};
/* End PBXNativeTarget section */

/* Begin PBXProject section */
		174C59DB253455C40035687D /* Project object */ = {
			isa = PBXProject;
			attributes = {
				LastSwiftUpdateCheck = 1170;
				LastUpgradeCheck = 1170;
				ORGANIZATIONNAME = "Kishan Barmawala";
				TargetAttributes = {
					174C59E2253455C40035687D = {
						CreatedOnToolsVersion = 11.7;
					};
				};
			};
			buildConfigurationList = 174C59DE253455C40035687D /* Build configuration list for PBXProject "ShadowTabbar" */;
			compatibilityVersion = "Xcode 9.3";
			developmentRegion = en;
			hasScannedForEncodings = 0;
			knownRegions = (
				en,
				Base,
			);
			mainGroup = 174C59DA253455C40035687D;
			productRefGroup = 174C59E4253455C40035687D /* Products */;
			projectDirPath = "";
			projectRoot = "";
			targets = (
				174C59E2253455C40035687D /* ShadowTabbar */,
			);
		};
/* End PBXProject section */

/* Begin PBXResourcesBuildPhase section */
		174C59E1253455C40035687D /* Resources */ = {
			isa = PBXResourcesBuildPhase;
			buildActionMask = 2147483647;
			files = (
				174C59F3253455C60035687D /* LaunchScreen.storyboard in Resources */,
				174C59F0253455C60035687D /* Assets.xcassets in Resources */,
				174C59EE253455C40035687D /* Main.storyboard in Resources */,
			);
			runOnlyForDeploymentPostprocessing = 0;
		};
/* End PBXResourcesBuildPhase section */

/* Begin PBXSourcesBuildPhase section */
		174C59DF253455C40035687D /* Sources */ = {
			isa = PBXSourcesBuildPhase;
			buildActionMask = 2147483647;
			files = (
				174C59FB253456CB0035687D /* ShadowTabbar.swift in Sources */,
				174C59EB253455C40035687D /* ViewController.swift in Sources */,
				174C59E7253455C40035687D /* AppDelegate.swift in Sources */,
			);
			runOnlyForDeploymentPostprocessing = 0;
		};
/* End PBXSourcesBuildPhase section */

/* Begin PBXVariantGroup section */
		174C59EC253455C40035687D /* Main.storyboard */ = {
			isa = PBXVariantGroup;
			children = (
				174C59ED253455C40035687D /* Base */,
			);
			name = Main.storyboard;
			sourceTree = "<group>";
		};
		174C59F1253455C60035687D /* LaunchScreen.storyboard */ = {
			isa = PBXVariantGroup;
			children = (
				174C59F2253455C60035687D /* Base */,
			);
			name = LaunchScreen.storyboard;
			sourceTree = "<group>";
		};
/* End PBXVariantGroup section */

/* Begin XCBuildConfiguration section */
		174C59F5253455C60035687D /* Debug */ = {
			isa = XCBuildConfiguration;
			buildSettings = {
				ALWAYS_SEARCH_USER_PATHS = NO;
				CLANG_ANALYZER_NONNULL = YES;
				CLANG_ANALYZER_NUMBER_OBJECT_CONVERSION = YES_AGGRESSIVE;
				CLANG_CXX_LANGUAGE_STANDARD = "gnu++14";
				CLANG_CXX_LIBRARY = "libc++";
				CLANG_ENABLE_MODULES = YES;
				CLANG_ENABLE_OBJC_ARC = YES;
				CLANG_ENABLE_OBJC_WEAK = YES;
				CLANG_WARN_BLOCK_CAPTURE_AUTORELEASING = YES;
				CLANG_WARN_BOOL_CONVERSION = YES;
				CLANG_WARN_COMMA = YES;
				CLANG_WARN_CONSTANT_CONVERSION = YES;
				CLANG_WARN_DEPRECATED_OBJC_IMPLEMENTATIONS = YES;
				CLANG_WARN_DIRECT_OBJC_ISA_USAGE = YES_ERROR;
				CLANG_WARN_DOCUMENTATION_COMMENTS = YES;
				CLANG_WARN_EMPTY_BODY = YES;
				CLANG_WARN_ENUM_CONVERSION = YES;
				CLANG_WARN_INFINITE_RECURSION = YES;
				CLANG_WARN_INT_CONVERSION = YES;
				CLANG_WARN_NON_LITERAL_NULL_CONVERSION = YES;
				CLANG_WARN_OBJC_IMPLICIT_RETAIN_SELF = YES;
				CLANG_WARN_OBJC_LITERAL_CONVERSION = YES;
				CLANG_WARN_OBJC_ROOT_CLASS = YES_ERROR;
				CLANG_WARN_RANGE_LOOP_ANALYSIS = YES;
				CLANG_WARN_STRICT_PROTOTYPES = YES;
				CLANG_WARN_SUSPICIOUS_MOVE = YES;
				CLANG_WARN_UNGUARDED_AVAILABILITY = YES_AGGRESSIVE;
				CLANG_WARN_UNREACHABLE_CODE = YES;
				CLANG_WARN__DUPLICATE_METHOD_MATCH = YES;
				COPY_PHASE_STRIP = NO;
				DEBUG_INFORMATION_FORMAT = dwarf;
				ENABLE_STRICT_OBJC_MSGSEND = YES;
				ENABLE_TESTABILITY = YES;
				GCC_C_LANGUAGE_STANDARD = gnu11;
				GCC_DYNAMIC_NO_PIC = NO;
				GCC_NO_COMMON_BLOCKS = YES;
				GCC_OPTIMIZATION_LEVEL = 0;
				GCC_PREPROCESSOR_DEFINITIONS = (
					"DEBUG=1",
					"$(inherited)",
				);
				GCC_WARN_64_TO_32_BIT_CONVERSION = YES;
				GCC_WARN_ABOUT_RETURN_TYPE = YES_ERROR;
				GCC_WARN_UNDECLARED_SELECTOR = YES;
				GCC_WARN_UNINITIALIZED_AUTOS = YES_AGGRESSIVE;
				GCC_WARN_UNUSED_FUNCTION = YES;
				GCC_WARN_UNUSED_VARIABLE = YES;
				IPHONEOS_DEPLOYMENT_TARGET = 13.7;
				MTL_ENABLE_DEBUG_INFO = INCLUDE_SOURCE;
				MTL_FAST_MATH = YES;
				ONLY_ACTIVE_ARCH = YES;
				SDKROOT = iphoneos;
				SWIFT_ACTIVE_COMPILATION_CONDITIONS = DEBUG;
				SWIFT_OPTIMIZATION_LEVEL = "-Onone";
			};
			name = Debug;
		};
		174C59F6253455C60035687D /* Release */ = {
			isa = XCBuildConfiguration;
			buildSettings = {
				ALWAYS_SEARCH_USER_PATHS = NO;
				CLANG_ANALYZER_NONNULL = YES;
				CLANG_ANALYZER_NUMBER_OBJECT_CONVERSION = YES_AGGRESSIVE;
				CLANG_CXX_LANGUAGE_STANDARD = "gnu++14";
				CLANG_CXX_LIBRARY = "libc++";
				CLANG_ENABLE_MODULES = YES;
				CLANG_ENABLE_OBJC_ARC = YES;
				CLANG_ENABLE_OBJC_WEAK = YES;
				CLANG_WARN_BLOCK_CAPTURE_AUTORELEASING = YES;
				CLANG_WARN_BOOL_CONVERSION = YES;
				CLANG_WARN_COMMA = YES;
				CLANG_WARN_CONSTANT_CONVERSION = YES;
				CLANG_WARN_DEPRECATED_OBJC_IMPLEMENTATIONS = YES;
				CLANG_WARN_DIRECT_OBJC_ISA_USAGE = YES_ERROR;
				CLANG_WARN_DOCUMENTATION_COMMENTS = YES;
				CLANG_WARN_EMPTY_BODY = YES;
				CLANG_WARN_ENUM_CONVERSION = YES;
				CLANG_WARN_INFINITE_RECURSION = YES;
				CLANG_WARN_INT_CONVERSION = YES;
				CLANG_WARN_NON_LITERAL_NULL_CONVERSION = YES;
				CLANG_WARN_OBJC_IMPLICIT_RETAIN_SELF = YES;
				CLANG_WARN_OBJC_LITERAL_CONVERSION = YES;
				CLANG_WARN_OBJC_ROOT_CLASS = YES_ERROR;
				CLANG_WARN_RANGE_LOOP_ANALYSIS = YES;
				CLANG_WARN_STRICT_PROTOTYPES = YES;
				CLANG_WARN_SUSPICIOUS_MOVE = YES;
				CLANG_WARN_UNGUARDED_AVAILABILITY = YES_AGGRESSIVE;
				CLANG_WARN_UNREACHABLE_CODE = YES;
				CLANG_WARN__DUPLICATE_METHOD_MATCH = YES;
				COPY_PHASE_STRIP = NO;
				DEBUG_INFORMATION_FORMAT = "dwarf-with-dsym";
				ENABLE_NS_ASSERTIONS = NO;
				ENABLE_STRICT_OBJC_MSGSEND = YES;
				GCC_C_LANGUAGE_STANDARD = gnu11;
				GCC_NO_COMMON_BLOCKS = YES;
				GCC_WARN_64_TO_32_BIT_CONVERSION = YES;
				GCC_WARN_ABOUT_RETURN_TYPE = YES_ERROR;
				GCC_WARN_UNDECLARED_SELECTOR = YES;
				GCC_WARN_UNINITIALIZED_AUTOS = YES_AGGRESSIVE;
				GCC_WARN_UNUSED_FUNCTION = YES;
				GCC_WARN_UNUSED_VARIABLE = YES;
				IPHONEOS_DEPLOYMENT_TARGET = 13.7;
				MTL_ENABLE_DEBUG_INFO = NO;
				MTL_FAST_MATH = YES;
				SDKROOT = iphoneos;
				SWIFT_COMPILATION_MODE = wholemodule;
				SWIFT_OPTIMIZATION_LEVEL = "-O";
				VALIDATE_PRODUCT = YES;
			};
			name = Release;
		};
		174C59F8253455C60035687D /* Debug */ = {
			isa = XCBuildConfiguration;
			buildSettings = {
				ASSETCATALOG_COMPILER_APPICON_NAME = AppIcon;
				CODE_SIGN_STYLE = Automatic;
				DEVELOPMENT_TEAM = MK7VTXY427;
				INFOPLIST_FILE = ShadowTabbar/Info.plist;
				LD_RUNPATH_SEARCH_PATHS = (
					"$(inherited)",
					"@executable_path/Frameworks",
				);
				PRODUCT_BUNDLE_IDENTIFIER = com.kian.ShadowTabbar;
				PRODUCT_NAME = "$(TARGET_NAME)";
				SWIFT_VERSION = 5.0;
				TARGETED_DEVICE_FAMILY = "1,2";
				USER_HEADER_SEARCH_PATHS = "$(SRCROOT)/**";
			};
			name = Debug;
		};
		174C59F9253455C60035687D /* Release */ = {
			isa = XCBuildConfiguration;
			buildSettings = {
				ASSETCATALOG_COMPILER_APPICON_NAME = AppIcon;
				CODE_SIGN_STYLE = Automatic;
				DEVELOPMENT_TEAM = MK7VTXY427;
				INFOPLIST_FILE = ShadowTabbar/Info.plist;
				LD_RUNPATH_SEARCH_PATHS = (
					"$(inherited)",
					"@executable_path/Frameworks",
				);
				PRODUCT_BUNDLE_IDENTIFIER = com.kian.ShadowTabbar;
				PRODUCT_NAME = "$(TARGET_NAME)";
				SWIFT_VERSION = 5.0;
				TARGETED_DEVICE_FAMILY = "1,2";
				USER_HEADER_SEARCH_PATHS = "$(SRCROOT)/**";
			};
			name = Release;
		};
/* End XCBuildConfiguration section */

/* Begin XCConfigurationList section */
		174C59DE253455C40035687D /* Build configuration list for PBXProject "ShadowTabbar" */ = {
			isa = XCConfigurationList;
			buildConfigurations = (
				174C59F5253455C60035687D /* Debug */,
				174C59F6253455C60035687D /* Release */,
			);
			defaultConfigurationIsVisible = 0;
			defaultConfigurationName = Release;
		};
		174C59F7253455C60035687D /* Build configuration list for PBXNativeTarget "ShadowTabbar" */ = {
			isa = XCConfigurationList;
			buildConfigurations = (
				174C59F8253455C60035687D /* Debug */,
				174C59F9253455C60035687D /* Release */,
			);
			defaultConfigurationIsVisible = 0;
			defaultConfigurationName = Release;
		};
/* End XCConfigurationList section */
	};
	rootObject = 174C59DB253455C40035687D /* Project object */;
}
